
Microsoft Visual Studio Solution File, Format Version 12.00
# Visual Studio Version 17
VisualStudioVersion = 17.12.35728.132
MinimumVisualStudioVersion = 10.0.40219.1
Project("{FAE04EC0-301F-11D3-BF4B-00C04F79EFBC}") = "Gurux.DLMS.AMI", "Gurux.DLMS.AMI\Gurux.DLMS.AMI\Gurux.DLMS.AMI.csproj", "{A08BA6B3-2260-4EE3-BCA5-E901588A48D7}"
EndProject
Project("{FAE04EC0-301F-11D3-BF4B-00C04F79EFBC}") = "Gurux.DLMS.AMI.Client", "Gurux.DLMS.AMI\Gurux.DLMS.AMI.Client\Gurux.DLMS.AMI.Client.csproj", "{093E1302-6BCB-42F2-B59C-B38A6CE5471F}"
EndProject
Project("{FAE04EC0-301F-11D3-BF4B-00C04F79EFBC}") = "Gurux.DLMS.AMI.Shared", "Gurux.DLMS.AMI\Shared\Gurux.DLMS.AMI.Shared.csproj", "{7D705D1C-5B42-B4B5-87E1-6433266C6C28}"
EndProject
Project("{FAE04EC0-301F-11D3-BF4B-00C04F79EFBC}") = "Gurux.DLMS.AMI.Script", "..\Gurux.DLMS.AMI.Script\Gurux.DLMS.AMI.Script.csproj", "{5DE25ACA-83C7-D21B-10E5-550A4078EF94}"
EndProject
Project("{FAE04EC0-301F-11D3-BF4B-00C04F79EFBC}") = "Gurux.DLMS.AMI.Module", "..\Gurux.DLMS.AMI.Module\Gurux.DLMS.AMI.Module.csproj", "{04B3431F-0EDA-3C0C-6FEB-D74A96980842}"
EndProject
Project("{FAE04EC0-301F-11D3-BF4B-00C04F79EFBC}") = "Gurux.UI.Components", "..\..\Gurux.UI.Components\Development\Gurux.UI.Components.csproj", "{C9223A07-2776-31D1-8FEB-03925C53C55E}"
EndProject
Project("{FAE04EC0-301F-11D3-BF4B-00C04F79EFBC}") = "Gurux.Updater.Net", "..\..\Gurux.Updater.Net\Development\Gurux.Updater.Net\Gurux.Updater.Net.csproj", "{D425E5A1-7333-4298-6BE6-0D9DAEAA35B9}"
EndProject
Project("{FAE04EC0-301F-11D3-BF4B-00C04F79EFBC}") = "Gurux.Service", "..\..\GXCom\Gurux.Service\Development\Gurux.Service.csproj", "{D4DB523A-3960-A5D8-91C5-A0551440CDD7}"
EndProject
Global
	GlobalSection(SolutionConfigurationPlatforms) = preSolution
		Debug|Any CPU = Debug|Any CPU
		Release|Any CPU = Release|Any CPU
	EndGlobalSection
	GlobalSection(ProjectConfigurationPlatforms) = postSolution
		{A08BA6B3-2260-4EE3-BCA5-E901588A48D7}.Debug|Any CPU.ActiveCfg = Debug|Any CPU
		{A08BA6B3-2260-4EE3-BCA5-E901588A48D7}.Debug|Any CPU.Build.0 = Debug|Any CPU
		{A08BA6B3-2260-4EE3-BCA5-E901588A48D7}.Release|Any CPU.ActiveCfg = Release|Any CPU
		{A08BA6B3-2260-4EE3-BCA5-E901588A48D7}.Release|Any CPU.Build.0 = Release|Any CPU
		{093E1302-6BCB-42F2-B59C-B38A6CE5471F}.Debug|Any CPU.ActiveCfg = Debug|Any CPU
		{093E1302-6BCB-42F2-B59C-B38A6CE5471F}.Debug|Any CPU.Build.0 = Debug|Any CPU
		{093E1302-6BCB-42F2-B59C-B38A6CE5471F}.Release|Any CPU.ActiveCfg = Release|Any CPU
		{093E1302-6BCB-42F2-B59C-B38A6CE5471F}.Release|Any CPU.Build.0 = Release|Any CPU
		{7D705D1C-5B42-B4B5-87E1-6433266C6C28}.Debug|Any CPU.ActiveCfg = Debug|Any CPU
		{7D705D1C-5B42-B4B5-87E1-6433266C6C28}.Debug|Any CPU.Build.0 = Debug|Any CPU
		{7D705D1C-5B42-B4B5-87E1-6433266C6C28}.Release|Any CPU.ActiveCfg = Release|Any CPU
		{7D705D1C-5B42-B4B5-87E1-6433266C6C28}.Release|Any CPU.Build.0 = Release|Any CPU
		{5DE25ACA-83C7-D21B-10E5-550A4078EF94}.Debug|Any CPU.ActiveCfg = Debug|Any CPU
		{5DE25ACA-83C7-D21B-10E5-550A4078EF94}.Debug|Any CPU.Build.0 = Debug|Any CPU
		{5DE25ACA-83C7-D21B-10E5-550A4078EF94}.Release|Any CPU.ActiveCfg = Release|Any CPU
		{5DE25ACA-83C7-D21B-10E5-550A4078EF94}.Release|Any CPU.Build.0 = Release|Any CPU
		{04B3431F-0EDA-3C0C-6FEB-D74A96980842}.Debug|Any CPU.ActiveCfg = Debug|Any CPU
		{04B3431F-0EDA-3C0C-6FEB-D74A96980842}.Debug|Any CPU.Build.0 = Debug|Any CPU
		{04B3431F-0EDA-3C0C-6FEB-D74A96980842}.Release|Any CPU.ActiveCfg = Release|Any CPU
		{04B3431F-0EDA-3C0C-6FEB-D74A96980842}.Release|Any CPU.Build.0 = Release|Any CPU
		{C9223A07-2776-31D1-8FEB-03925C53C55E}.Debug|Any CPU.ActiveCfg = Debug|Any CPU
		{C9223A07-2776-31D1-8FEB-03925C53C55E}.Debug|Any CPU.Build.0 = Debug|Any CPU
		{C9223A07-2776-31D1-8FEB-03925C53C55E}.Release|Any CPU.ActiveCfg = Release|Any CPU
		{C9223A07-2776-31D1-8FEB-03925C53C55E}.Release|Any CPU.Build.0 = Release|Any CPU
		{D425E5A1-7333-4298-6BE6-0D9DAEAA35B9}.Debug|Any CPU.ActiveCfg = Debug|Any CPU
		{D425E5A1-7333-4298-6BE6-0D9DAEAA35B9}.Debug|Any CPU.Build.0 = Debug|Any CPU
		{D425E5A1-7333-4298-6BE6-0D9DAEAA35B9}.Release|Any CPU.ActiveCfg = Release|Any CPU
		{D425E5A1-7333-4298-6BE6-0D9DAEAA35B9}.Release|Any CPU.Build.0 = Release|Any CPU
		{D4DB523A-3960-A5D8-91C5-A0551440CDD7}.Debug|Any CPU.ActiveCfg = Debug|Any CPU
		{D4DB523A-3960-A5D8-91C5-A0551440CDD7}.Debug|Any CPU.Build.0 = Debug|Any CPU
		{D4DB523A-3960-A5D8-91C5-A0551440CDD7}.Release|Any CPU.ActiveCfg = Release|Any CPU
		{D4DB523A-3960-A5D8-91C5-A0551440CDD7}.Release|Any CPU.Build.0 = Release|Any CPU
	EndGlobalSection
	GlobalSection(SolutionProperties) = preSolution
		HideSolutionNode = FALSE
	EndGlobalSection
	GlobalSection(ExtensibilityGlobals) = postSolution
		SolutionGuid = {634F27B9-1D9C-465C-8F0F-29344D74A770}
	EndGlobalSection
EndGlobal
