
Microsoft Visual Studio Solution File, Format Version 12.00
# Visual Studio Version 17
VisualStudioVersion = 17.12.35728.132
MinimumVisualStudioVersion = 10.0.40219.1
Project("{FAE04EC0-301F-11D3-BF4B-00C04F79EFBC}") = "Gurux.DLMS.AMI", "Gurux.DLMS.AMI\Gurux.DLMS.AMI\Gurux.DLMS.AMI.csproj", "{A08BA6B3-2260-4EE3-BCA5-E901588A48D7}"
EndProject
Project("{FAE04EC0-301F-11D3-BF4B-00C04F79EFBC}") = "Gurux.DLMS.AMI.Client", "Gurux.DLMS.AMI\Gurux.DLMS.AMI.Client\Gurux.DLMS.AMI.Client.csproj", "{093E1302-6BCB-42F2-B59C-B38A6CE5471F}"
EndProject
Global
	GlobalSection(SolutionConfigurationPlatforms) = preSolution
		Debug|Any CPU = Debug|Any CPU
		Release|Any CPU = Release|Any CPU
	EndGlobalSection
	GlobalSection(ProjectConfigurationPlatforms) = postSolution
		{A08BA6B3-2260-4EE3-BCA5-E901588A48D7}.Debug|Any CPU.ActiveCfg = Debug|Any CPU
		{A08BA6B3-2260-4EE3-BCA5-E901588A48D7}.Debug|Any CPU.Build.0 = Debug|Any CPU
		{A08BA6B3-2260-4EE3-BCA5-E901588A48D7}.Release|Any CPU.ActiveCfg = Release|Any CPU
		{A08BA6B3-2260-4EE3-BCA5-E901588A48D7}.Release|Any CPU.Build.0 = Release|Any CPU
		{093E1302-6BCB-42F2-B59C-B38A6CE5471F}.Debug|Any CPU.ActiveCfg = Debug|Any CPU
		{093E1302-6BCB-42F2-B59C-B38A6CE5471F}.Debug|Any CPU.Build.0 = Debug|Any CPU
		{093E1302-6BCB-42F2-B59C-B38A6CE5471F}.Release|Any CPU.ActiveCfg = Release|Any CPU
		{093E1302-6BCB-42F2-B59C-B38A6CE5471F}.Release|Any CPU.Build.0 = Release|Any CPU
	EndGlobalSection
	GlobalSection(SolutionProperties) = preSolution
		HideSolutionNode = FALSE
	EndGlobalSection
	GlobalSection(ExtensibilityGlobals) = postSolution
		SolutionGuid = {634F27B9-1D9C-465C-8F0F-29344D74A770}
	EndGlobalSection
EndGlobal
