
Microsoft Visual Studio Solution File, Format Version 12.00
# Visual Studio Version 17
VisualStudioVersion = 17.1.32407.343
MinimumVisualStudioVersion = 10.0.40219.1
Project("{9A19103F-16F7-4668-BE54-9A1E7A4F7556}") = "Gurux.SMTP.Server", "Gurux.SMTP\Server\Gurux.SMTP.Server.csproj", "{D59A8864-55C2-4A2D-970E-BE158573043F}"
EndProject
Project("{9A19103F-16F7-4668-BE54-9A1E7A4F7556}") = "Gurux.SMTP.Client", "Gurux.SMTP\Client\Gurux.SMTP.Client.csproj", "{4C403555-BCBA-41E3-8CF1-5AFD140E62E1}"
EndProject
Project("{9A19103F-16F7-4668-BE54-9A1E7A4F7556}") = "Gurux.SMTP.Shared", "Gurux.SMTP\Shared\Gurux.SMTP.Shared.csproj", "{2DCFBEC8-34D5-4591-A99E-93ADD35FC651}"
EndProject
Global
	GlobalSection(SolutionConfigurationPlatforms) = preSolution
		Debug|Any CPU = Debug|Any CPU
		Release|Any CPU = Release|Any CPU
	EndGlobalSection
	GlobalSection(ProjectConfigurationPlatforms) = postSolution
		{D59A8864-55C2-4A2D-970E-BE158573043F}.Debug|Any CPU.ActiveCfg = Debug|Any CPU
		{D59A8864-55C2-4A2D-970E-BE158573043F}.Debug|Any CPU.Build.0 = Debug|Any CPU
		{D59A8864-55C2-4A2D-970E-BE158573043F}.Release|Any CPU.ActiveCfg = Release|Any CPU
		{D59A8864-55C2-4A2D-970E-BE158573043F}.Release|Any CPU.Build.0 = Release|Any CPU
		{4C403555-BCBA-41E3-8CF1-5AFD140E62E1}.Debug|Any CPU.ActiveCfg = Debug|Any CPU
		{4C403555-BCBA-41E3-8CF1-5AFD140E62E1}.Debug|Any CPU.Build.0 = Debug|Any CPU
		{4C403555-BCBA-41E3-8CF1-5AFD140E62E1}.Release|Any CPU.ActiveCfg = Release|Any CPU
		{4C403555-BCBA-41E3-8CF1-5AFD140E62E1}.Release|Any CPU.Build.0 = Release|Any CPU
		{2DCFBEC8-34D5-4591-A99E-93ADD35FC651}.Debug|Any CPU.ActiveCfg = Debug|Any CPU
		{2DCFBEC8-34D5-4591-A99E-93ADD35FC651}.Debug|Any CPU.Build.0 = Debug|Any CPU
		{2DCFBEC8-34D5-4591-A99E-93ADD35FC651}.Release|Any CPU.ActiveCfg = Release|Any CPU
		{2DCFBEC8-34D5-4591-A99E-93ADD35FC651}.Release|Any CPU.Build.0 = Release|Any CPU
	EndGlobalSection
	GlobalSection(SolutionProperties) = preSolution
		HideSolutionNode = FALSE
	EndGlobalSection
	GlobalSection(ExtensibilityGlobals) = postSolution
		SolutionGuid = {F8145B36-B6CC-4294-8672-D8368CAEBAA8}
	EndGlobalSection
EndGlobal
