
Microsoft Visual Studio Solution File, Format Version 12.00
# Visual Studio Version 17
VisualStudioVersion = 17.3.32929.385
MinimumVisualStudioVersion = 10.0.40219.1
Project("{9A19103F-16F7-4668-BE54-9A1E7A4F7556}") = "Gurux.DLMS.AMI.Components", "Gurux.DLMS.AMI.Components.csproj", "{B9A0D39D-66AD-4891-BED6-AF3FAD773365}"
EndProject
Global
	GlobalSection(SolutionConfigurationPlatforms) = preSolution
		Debug|Any CPU = Debug|Any CPU
		Release|Any CPU = Release|Any CPU
	EndGlobalSection
	GlobalSection(ProjectConfigurationPlatforms) = postSolution
		{B9A0D39D-66AD-4891-BED6-AF3FAD773365}.Debug|Any CPU.ActiveCfg = Debug|Any CPU
		{B9A0D39D-66AD-4891-BED6-AF3FAD773365}.Debug|Any CPU.Build.0 = Debug|Any CPU
		{B9A0D39D-66AD-4891-BED6-AF3FAD773365}.Release|Any CPU.ActiveCfg = Release|Any CPU
		{B9A0D39D-66AD-4891-BED6-AF3FAD773365}.Release|Any CPU.Build.0 = Release|Any CPU
	EndGlobalSection
	GlobalSection(SolutionProperties) = preSolution
		HideSolutionNode = FALSE
	EndGlobalSection
	GlobalSection(ExtensibilityGlobals) = postSolution
		SolutionGuid = {197D29C8-5DEB-42AE-8CD1-3325CCA8C41D}
	EndGlobalSection
EndGlobal
